
Microsoft Visual Studio Solution File, Format Version 12.00
# Visual Studio Version 16
VisualStudioVersion = 16.0.30114.105
MinimumVisualStudioVersion = 10.0.40219.1
Project("{2150E333-8FDC-42A3-9474-1A3956D46DE8}") = "src", "src", "{B84753AE-6CF2-4998-AD16-782DE9A2A7F7}"
EndProject
Project("{2150E333-8FDC-42A3-9474-1A3956D46DE8}") = "tests", "tests", "{931EB052-AE46-47D1-AD6A-57388AB84015}"
EndProject
Project("{2150E333-8FDC-42A3-9474-1A3956D46DE8}") = "API", "API", "{A65B7EC4-02F3-4CA7-9E9B-5AF87C530307}"
EndProject
Project("{2150E333-8FDC-42A3-9474-1A3956D46DE8}") = "Domain", "Domain", "{DBEDA12C-99E0-4D9F-A645-60B1DB859337}"
EndProject
Project("{2150E333-8FDC-42A3-9474-1A3956D46DE8}") = "Background Services", "Background Services", "{EA7DCD1E-E06D-4901-9F40-2FBF8F285EDA}"
EndProject
Project("{2150E333-8FDC-42A3-9474-1A3956D46DE8}") = "Repositories", "Repositories", "{2780DAF7-EBA3-4D40-AD1A-626BEC9E7047}"
EndProject
Project("{9A19103F-16F7-4668-BE54-9A1E7A4F7556}") = "WAccount.BackgroundServices.MainService", "src\Background Services\WAccount.BackgroundServices.MainService\WAccount.BackgroundServices.MainService.csproj", "{103B2DCF-5DB1-4A68-AB75-1A5DA15181A4}"
EndProject
Project("{9A19103F-16F7-4668-BE54-9A1E7A4F7556}") = "WAccount.API.MainAPI", "src\API\WAccount.API.MainAPI\WAccount.API.MainAPI.csproj", "{31E71CDE-92EC-469C-8F5B-26BABA2235C9}"
EndProject
Project("{9A19103F-16F7-4668-BE54-9A1E7A4F7556}") = "WAccount.Domain.Services", "src\Domain\WAccount.Domain.Services\WAccount.Domain.Services.csproj", "{06945101-057C-4437-A36D-5D5A03CD9903}"
EndProject
Project("{9A19103F-16F7-4668-BE54-9A1E7A4F7556}") = "WAccount.Domain.Models", "src\Domain\WAccount.Domain.Models\WAccount.Domain.Models.csproj", "{B392A55C-D1B0-4609-881E-5FA42AAF0721}"
EndProject
Project("{9A19103F-16F7-4668-BE54-9A1E7A4F7556}") = "WAccount.Repositories.Infrastructure", "src\Repositories\WAccount.Repositories.Infrastructure\WAccount.Repositories.Infrastructure.csproj", "{6E546F32-28E1-4885-AF30-96505F5FACCE}"
EndProject
Global
	GlobalSection(SolutionConfigurationPlatforms) = preSolution
		Debug|Any CPU = Debug|Any CPU
		Release|Any CPU = Release|Any CPU
	EndGlobalSection
	GlobalSection(ProjectConfigurationPlatforms) = postSolution
		{103B2DCF-5DB1-4A68-AB75-1A5DA15181A4}.Debug|Any CPU.ActiveCfg = Debug|Any CPU
		{103B2DCF-5DB1-4A68-AB75-1A5DA15181A4}.Debug|Any CPU.Build.0 = Debug|Any CPU
		{103B2DCF-5DB1-4A68-AB75-1A5DA15181A4}.Release|Any CPU.ActiveCfg = Release|Any CPU
		{103B2DCF-5DB1-4A68-AB75-1A5DA15181A4}.Release|Any CPU.Build.0 = Release|Any CPU
		{31E71CDE-92EC-469C-8F5B-26BABA2235C9}.Debug|Any CPU.ActiveCfg = Debug|Any CPU
		{31E71CDE-92EC-469C-8F5B-26BABA2235C9}.Debug|Any CPU.Build.0 = Debug|Any CPU
		{31E71CDE-92EC-469C-8F5B-26BABA2235C9}.Release|Any CPU.ActiveCfg = Release|Any CPU
		{31E71CDE-92EC-469C-8F5B-26BABA2235C9}.Release|Any CPU.Build.0 = Release|Any CPU
		{06945101-057C-4437-A36D-5D5A03CD9903}.Debug|Any CPU.ActiveCfg = Debug|Any CPU
		{06945101-057C-4437-A36D-5D5A03CD9903}.Debug|Any CPU.Build.0 = Debug|Any CPU
		{06945101-057C-4437-A36D-5D5A03CD9903}.Release|Any CPU.ActiveCfg = Release|Any CPU
		{06945101-057C-4437-A36D-5D5A03CD9903}.Release|Any CPU.Build.0 = Release|Any CPU
		{B392A55C-D1B0-4609-881E-5FA42AAF0721}.Debug|Any CPU.ActiveCfg = Debug|Any CPU
		{B392A55C-D1B0-4609-881E-5FA42AAF0721}.Debug|Any CPU.Build.0 = Debug|Any CPU
		{B392A55C-D1B0-4609-881E-5FA42AAF0721}.Release|Any CPU.ActiveCfg = Release|Any CPU
		{B392A55C-D1B0-4609-881E-5FA42AAF0721}.Release|Any CPU.Build.0 = Release|Any CPU
		{6E546F32-28E1-4885-AF30-96505F5FACCE}.Debug|Any CPU.ActiveCfg = Debug|Any CPU
		{6E546F32-28E1-4885-AF30-96505F5FACCE}.Debug|Any CPU.Build.0 = Debug|Any CPU
		{6E546F32-28E1-4885-AF30-96505F5FACCE}.Release|Any CPU.ActiveCfg = Release|Any CPU
		{6E546F32-28E1-4885-AF30-96505F5FACCE}.Release|Any CPU.Build.0 = Release|Any CPU
	EndGlobalSection
	GlobalSection(SolutionProperties) = preSolution
		HideSolutionNode = FALSE
	EndGlobalSection
	GlobalSection(NestedProjects) = preSolution
		{A65B7EC4-02F3-4CA7-9E9B-5AF87C530307} = {B84753AE-6CF2-4998-AD16-782DE9A2A7F7}
		{DBEDA12C-99E0-4D9F-A645-60B1DB859337} = {B84753AE-6CF2-4998-AD16-782DE9A2A7F7}
		{EA7DCD1E-E06D-4901-9F40-2FBF8F285EDA} = {B84753AE-6CF2-4998-AD16-782DE9A2A7F7}
		{2780DAF7-EBA3-4D40-AD1A-626BEC9E7047} = {B84753AE-6CF2-4998-AD16-782DE9A2A7F7}
		{103B2DCF-5DB1-4A68-AB75-1A5DA15181A4} = {EA7DCD1E-E06D-4901-9F40-2FBF8F285EDA}
		{31E71CDE-92EC-469C-8F5B-26BABA2235C9} = {A65B7EC4-02F3-4CA7-9E9B-5AF87C530307}
		{06945101-057C-4437-A36D-5D5A03CD9903} = {DBEDA12C-99E0-4D9F-A645-60B1DB859337}
		{B392A55C-D1B0-4609-881E-5FA42AAF0721} = {DBEDA12C-99E0-4D9F-A645-60B1DB859337}
		{6E546F32-28E1-4885-AF30-96505F5FACCE} = {2780DAF7-EBA3-4D40-AD1A-626BEC9E7047}
	EndGlobalSection
	GlobalSection(ExtensibilityGlobals) = postSolution
		SolutionGuid = {28BDD7E4-24E7-48E5-8F42-1422907DB242}
	EndGlobalSection
EndGlobal
